
Microsoft Visual Studio Solution File, Format Version 12.00
# Visual Studio Version 17
VisualStudioVersion = 17.9.34622.214
MinimumVisualStudioVersion = 10.0.40219.1
Project("{FAE04EC0-301F-11D3-BF4B-00C04F79EFBC}") = "AzureSecrets", "AzureSecrets\AzureSecrets.csproj", "{E2B5FD7D-D5EF-400C-82D8-BE25A88A7B9C}"
EndProject
Global
	GlobalSection(SolutionConfigurationPlatforms) = preSolution
		Debug|Any CPU = Debug|Any CPU
		Release|Any CPU = Release|Any CPU
	EndGlobalSection
	GlobalSection(ProjectConfigurationPlatforms) = postSolution
		{E2B5FD7D-D5EF-400C-82D8-BE25A88A7B9C}.Debug|Any CPU.ActiveCfg = Debug|Any CPU
		{E2B5FD7D-D5EF-400C-82D8-BE25A88A7B9C}.Debug|Any CPU.Build.0 = Debug|Any CPU
		{E2B5FD7D-D5EF-400C-82D8-BE25A88A7B9C}.Release|Any CPU.ActiveCfg = Release|Any CPU
		{E2B5FD7D-D5EF-400C-82D8-BE25A88A7B9C}.Release|Any CPU.Build.0 = Release|Any CPU
	EndGlobalSection
	GlobalSection(SolutionProperties) = preSolution
		HideSolutionNode = FALSE
	EndGlobalSection
	GlobalSection(ExtensibilityGlobals) = postSolution
		SolutionGuid = {A9059766-378D-4E6D-B056-8EC8A200164A}
	EndGlobalSection
EndGlobal
